
Microsoft Visual Studio Solution File, Format Version 12.00
# Visual Studio Version 16
VisualStudioVersion = 16.0.29411.108
MinimumVisualStudioVersion = 10.0.40219.1
Project("{FAE04EC0-301F-11D3-BF4B-00C04F79EFBC}") = "Healthcare_System", "Healthcare_System\Healthcare_System.csproj", "{2EA4C2A3-B8B9-4F92-A0C0-B89FFAE9B01D}"
EndProject
Global
	GlobalSection(SolutionConfigurationPlatforms) = preSolution
		Debug|Any CPU = Debug|Any CPU
		Release|Any CPU = Release|Any CPU
	EndGlobalSection
	GlobalSection(ProjectConfigurationPlatforms) = postSolution
		{2EA4C2A3-B8B9-4F92-A0C0-B89FFAE9B01D}.Debug|Any CPU.ActiveCfg = Debug|Any CPU
		{2EA4C2A3-B8B9-4F92-A0C0-B89FFAE9B01D}.Debug|Any CPU.Build.0 = Debug|Any CPU
		{2EA4C2A3-B8B9-4F92-A0C0-B89FFAE9B01D}.Release|Any CPU.ActiveCfg = Release|Any CPU
		{2EA4C2A3-B8B9-4F92-A0C0-B89FFAE9B01D}.Release|Any CPU.Build.0 = Release|Any CPU
	EndGlobalSection
	GlobalSection(SolutionProperties) = preSolution
		HideSolutionNode = FALSE
	EndGlobalSection
	GlobalSection(ExtensibilityGlobals) = postSolution
		SolutionGuid = {10774A3F-160C-4254-8162-DAE10C18ED51}
	EndGlobalSection
EndGlobal
