
Microsoft Visual Studio Solution File, Format Version 12.00
# Visual Studio Version 16
VisualStudioVersion = 16.0.29403.142
MinimumVisualStudioVersion = 10.0.40219.1
Project("{FAE04EC0-301F-11D3-BF4B-00C04F79EFBC}") = "TimerAndModuleRead", "TimerAndModuleRead\TimerAndModuleRead.csproj", "{4C117B87-CE19-4A71-8CF5-47452A984A74}"
EndProject
Global
	GlobalSection(SolutionConfigurationPlatforms) = preSolution
		Debug|Any CPU = Debug|Any CPU
		Release|Any CPU = Release|Any CPU
	EndGlobalSection
	GlobalSection(ProjectConfigurationPlatforms) = postSolution
		{4C117B87-CE19-4A71-8CF5-47452A984A74}.Debug|Any CPU.ActiveCfg = Debug|Any CPU
		{4C117B87-CE19-4A71-8CF5-47452A984A74}.Debug|Any CPU.Build.0 = Debug|Any CPU
		{4C117B87-CE19-4A71-8CF5-47452A984A74}.Release|Any CPU.ActiveCfg = Release|Any CPU
		{4C117B87-CE19-4A71-8CF5-47452A984A74}.Release|Any CPU.Build.0 = Release|Any CPU
	EndGlobalSection
	GlobalSection(SolutionProperties) = preSolution
		HideSolutionNode = FALSE
	EndGlobalSection
	GlobalSection(ExtensibilityGlobals) = postSolution
		SolutionGuid = {D923CF3C-FD9B-482E-B492-F26D4F389CE2}
	EndGlobalSection
EndGlobal
